
Microsoft Visual Studio Solution File, Format Version 12.00
# Visual Studio Version 17
VisualStudioVersion = 17.9.34616.47
MinimumVisualStudioVersion = 10.0.40219.1
Project("{888888A0-9F3D-457C-B088-3A5042F75D52}") = "PythonTestingApplication", "PythonTestingApplication\PythonTestingApplication.pyproj", "{3BD98DD4-708F-4569-B057-20BD0AF4D6CB}"
EndProject
Global
	GlobalSection(SolutionConfigurationPlatforms) = preSolution
		Debug|Any CPU = Debug|Any CPU
		Release|Any CPU = Release|Any CPU
	EndGlobalSection
	GlobalSection(ProjectConfigurationPlatforms) = postSolution
		{3BD98DD4-708F-4569-B057-20BD0AF4D6CB}.Debug|Any CPU.ActiveCfg = Debug|Any CPU
		{3BD98DD4-708F-4569-B057-20BD0AF4D6CB}.Release|Any CPU.ActiveCfg = Release|Any CPU
	EndGlobalSection
	GlobalSection(SolutionProperties) = preSolution
		HideSolutionNode = FALSE
	EndGlobalSection
	GlobalSection(ExtensibilityGlobals) = postSolution
		SolutionGuid = {5B59B66E-C50E-49BF-92ED-560AD8A604A0}
	EndGlobalSection
EndGlobal
